
Microsoft Visual Studio Solution File, Format Version 12.00
# Visual Studio Version 17
VisualStudioVersion = 17.1.32414.318
MinimumVisualStudioVersion = 10.0.40219.1
Project("{FAE04EC0-301F-11D3-BF4B-00C04F79EFBC}") = "Convertendo1", "Convertendo1.csproj", "{F4DE8803-CE4F-48DE-8332-190B0E0D0F51}"
EndProject
Global
	GlobalSection(SolutionConfigurationPlatforms) = preSolution
		Debug|Any CPU = Debug|Any CPU
		Release|Any CPU = Release|Any CPU
	EndGlobalSection
	GlobalSection(ProjectConfigurationPlatforms) = postSolution
		{F4DE8803-CE4F-48DE-8332-190B0E0D0F51}.Debug|Any CPU.ActiveCfg = Debug|Any CPU
		{F4DE8803-CE4F-48DE-8332-190B0E0D0F51}.Debug|Any CPU.Build.0 = Debug|Any CPU
		{F4DE8803-CE4F-48DE-8332-190B0E0D0F51}.Release|Any CPU.ActiveCfg = Release|Any CPU
		{F4DE8803-CE4F-48DE-8332-190B0E0D0F51}.Release|Any CPU.Build.0 = Release|Any CPU
	EndGlobalSection
	GlobalSection(SolutionProperties) = preSolution
		HideSolutionNode = FALSE
	EndGlobalSection
	GlobalSection(ExtensibilityGlobals) = postSolution
		SolutionGuid = {7BF8A8F2-B687-405E-97C1-83EC949196E6}
	EndGlobalSection
EndGlobal
